<?xml version="1.0" encoding="utf-8"?>
<Project ToolsVersion="4.0" xmlns="http://schemas.microsoft.com/developer/msbuild/2003">
  <ItemGroup>
    <Filter Include="lib">
      <UniqueIdentifier>{df81cd4e-e031-40a5-b58d-f7750c9146f3}</UniqueIdentifier>
    </Filter>
  </ItemGroup>
  <ItemGroup>
    <ClInclude Include="OPENGL_DRIVER.h" />
    <ClInclude Include="CLOTHING.h" />
    <ClInclude Include="..\lib\DISTANCE.h">
      <Filter>lib</Filter>
    </ClInclude>
    <ClInclude Include="..\lib\DYNAMIC_MESH.h">
      <Filter>lib</Filter>
    </ClInclude>
    <ClInclude Include="..\lib\INTERSECTION.h">
      <Filter>lib</Filter>
    </ClInclude>
    <ClInclude Include="..\lib\IO_FUNC.h">
      <Filter>lib</Filter>
    </ClInclude>
    <ClInclude Include="..\lib\MESH.h">
      <Filter>lib</Filter>
    </ClInclude>
    <ClInclude Include="..\lib\MY_MATH.h">
      <Filter>lib</Filter>
    </ClInclude>
    <ClInclude Include="..\lib\TIMER.h">
      <Filter>lib</Filter>
    </ClInclude>
    <ClInclude Include="..\lib\CUDA_PROJECTIVE_MESH.h">
      <Filter>lib</Filter>
    </ClInclude>
    <ClInclude Include="resource.h" />
  </ItemGroup>
  <ItemGroup>
    <CudaCompile Include="kernel.cu" />
  </ItemGroup>
</Project>