<?xml version="1.0" encoding="utf-8"?>
<Project ToolsVersion="4.0" xmlns="http://schemas.microsoft.com/developer/msbuild/2003">
  <ItemGroup>
    <Filter Include="Source Files">
      <UniqueIdentifier>{4FC737F1-C7A5-4376-A066-2A32D752A2FF}</UniqueIdentifier>
      <Extensions>cpp;c;cc;cxx;def;odl;idl;hpj;bat;asm;asmx</Extensions>
    </Filter>
    <Filter Include="Header Files">
      <UniqueIdentifier>{93995380-89BD-4b04-88EB-625FBE52EBFB}</UniqueIdentifier>
      <Extensions>h;hh;hpp;hxx;hm;inl;inc;xsd</Extensions>
    </Filter>
    <Filter Include="Resource Files">
      <UniqueIdentifier>{67DA6AB6-F800-4c08-8B7A-83BB121AAD01}</UniqueIdentifier>
      <Extensions>rc;ico;cur;bmp;dlg;rc2;rct;bin;rgs;gif;jpg;jpeg;jpe;resx;tiff;tif;png;wav;mfcribbon-ms</Extensions>
    </Filter>
    <Filter Include="lib">
      <UniqueIdentifier>{a0408394-a91f-4254-a303-815eebfe84d7}</UniqueIdentifier>
    </Filter>
  </ItemGroup>
  <ItemGroup>
    <ClInclude Include="CLOTHING.h">
      <Filter>Header Files</Filter>
    </ClInclude>
    <ClInclude Include="OPENGL_DRIVER.h">
      <Filter>Header Files</Filter>
    </ClInclude>
    <ClInclude Include="..\lib\DISTANCE.h">
      <Filter>lib</Filter>
    </ClInclude>
    <ClInclude Include="..\lib\DYNAMIC_MESH.h">
      <Filter>lib</Filter>
    </ClInclude>
    <ClInclude Include="..\lib\INTERSECTION.h">
      <Filter>lib</Filter>
    </ClInclude>
    <ClInclude Include="..\lib\IO_FUNC.h">
      <Filter>lib</Filter>
    </ClInclude>
    <ClInclude Include="..\lib\MESH.h">
      <Filter>lib</Filter>
    </ClInclude>
    <ClInclude Include="..\lib\MY_MATH.h">
      <Filter>lib</Filter>
    </ClInclude>
    <ClInclude Include="..\lib\TIMER.h">
      <Filter>lib</Filter>
    </ClInclude>
    <ClInclude Include="..\lib\PROJECTIVE_MESH.h">
      <Filter>lib</Filter>
    </ClInclude>
    <ClInclude Include="..\lib\BMP_IO.h">
      <Filter>Header Files</Filter>
    </ClInclude>
  </ItemGroup>
  <ItemGroup>
    <ClCompile Include="main.cpp">
      <Filter>Source Files</Filter>
    </ClCompile>
  </ItemGroup>
</Project>