
Microsoft Visual Studio Solution File, Format Version 12.00
# Visual Studio 15
VisualStudioVersion = 15.0.28010.2041
MinimumVisualStudioVersion = 10.0.40219.1
Project("{8BC9CEB8-8B4A-11D0-8D11-00A0C91BC942}") = "new", "new.vcxproj", "{B25FBA98-F370-4EA8-ACC7-121E72E66C62}"
EndProject
Global
	GlobalSection(SolutionConfigurationPlatforms) = preSolution
		Debug|Win32 = Debug|Win32
		Debug|x64 = Debug|x64
		Release|Win32 = Release|Win32
		Release|x64 = Release|x64
	EndGlobalSection
	GlobalSection(ProjectConfigurationPlatforms) = postSolution
		{B25FBA98-F370-4EA8-ACC7-121E72E66C62}.Debug|Win32.ActiveCfg = Debug|Win32
		{B25FBA98-F370-4EA8-ACC7-121E72E66C62}.Debug|Win32.Build.0 = Debug|Win32
		{B25FBA98-F370-4EA8-ACC7-121E72E66C62}.Debug|x64.ActiveCfg = Debug|x64
		{B25FBA98-F370-4EA8-ACC7-121E72E66C62}.Debug|x64.Build.0 = Debug|x64
		{B25FBA98-F370-4EA8-ACC7-121E72E66C62}.Release|Win32.ActiveCfg = Release|Win32
		{B25FBA98-F370-4EA8-ACC7-121E72E66C62}.Release|Win32.Build.0 = Release|Win32
		{B25FBA98-F370-4EA8-ACC7-121E72E66C62}.Release|x64.ActiveCfg = Release|x64
		{B25FBA98-F370-4EA8-ACC7-121E72E66C62}.Release|x64.Build.0 = Release|x64
	EndGlobalSection
	GlobalSection(SolutionProperties) = preSolution
		HideSolutionNode = FALSE
	EndGlobalSection
	GlobalSection(ExtensibilityGlobals) = postSolution
		SolutionGuid = {03881CB3-FEBB-4071-9758-134BA4A4C7F5}
	EndGlobalSection
EndGlobal
